
Microsoft Visual Studio Solution File, Format Version 12.00
# Visual Studio Version 17
VisualStudioVersion = 17.11.35222.181
MinimumVisualStudioVersion = 10.0.40219.1
Project("{FAE04EC0-301F-11D3-BF4B-00C04F79EFBC}") = "Basics", "Basics\Basics.csproj", "{237F8DD8-2838-4D49-B267-930169404CD5}"
EndProject
Global
	GlobalSection(SolutionConfigurationPlatforms) = preSolution
		Debug|Any CPU = Debug|Any CPU
		Release|Any CPU = Release|Any CPU
	EndGlobalSection
	GlobalSection(ProjectConfigurationPlatforms) = postSolution
		{237F8DD8-2838-4D49-B267-930169404CD5}.Debug|Any CPU.ActiveCfg = Debug|Any CPU
		{237F8DD8-2838-4D49-B267-930169404CD5}.Debug|Any CPU.Build.0 = Debug|Any CPU
		{237F8DD8-2838-4D49-B267-930169404CD5}.Release|Any CPU.ActiveCfg = Release|Any CPU
		{237F8DD8-2838-4D49-B267-930169404CD5}.Release|Any CPU.Build.0 = Release|Any CPU
	EndGlobalSection
	GlobalSection(SolutionProperties) = preSolution
		HideSolutionNode = FALSE
	EndGlobalSection
	GlobalSection(ExtensibilityGlobals) = postSolution
		SolutionGuid = {E1BB658E-6AC1-4DBD-B1E2-BA6C0FE480F6}
	EndGlobalSection
EndGlobal
